
Microsoft Visual Studio Solution File, Format Version 12.00
# Visual Studio Version 16
VisualStudioVersion = 16.0.30114.105
MinimumVisualStudioVersion = 15.0.26124.0
Project("{9A19103F-16F7-4668-BE54-9A1E7A4F7556}") = "FileCabinetApp", "FileCabinetApp\FileCabinetApp.csproj", "{054CFC27-729D-447B-A0E7-D0A19337F016}"
EndProject
Project("{9A19103F-16F7-4668-BE54-9A1E7A4F7556}") = "FileCabinetGenerator", "FileCabinetGenerator\FileCabinetGenerator.csproj", "{FB1A51D2-5FAA-4963-A6DE-32BAC410437C}"
EndProject
Project("{2150E333-8FDC-42A3-9474-1A3956D46DE8}") = "Solution Items", "Solution Items", "{C4BE849D-A305-44FB-B095-479264D94E24}"
EndProject
Global
	GlobalSection(SolutionConfigurationPlatforms) = preSolution
		Debug|Any CPU = Debug|Any CPU
		Debug|x64 = Debug|x64
		Debug|x86 = Debug|x86
		Release|Any CPU = Release|Any CPU
		Release|x64 = Release|x64
		Release|x86 = Release|x86
	EndGlobalSection
	GlobalSection(ProjectConfigurationPlatforms) = postSolution
		{054CFC27-729D-447B-A0E7-D0A19337F016}.Debug|Any CPU.ActiveCfg = Debug|Any CPU
		{054CFC27-729D-447B-A0E7-D0A19337F016}.Debug|Any CPU.Build.0 = Debug|Any CPU
		{054CFC27-729D-447B-A0E7-D0A19337F016}.Debug|x64.ActiveCfg = Debug|Any CPU
		{054CFC27-729D-447B-A0E7-D0A19337F016}.Debug|x64.Build.0 = Debug|Any CPU
		{054CFC27-729D-447B-A0E7-D0A19337F016}.Debug|x86.ActiveCfg = Debug|Any CPU
		{054CFC27-729D-447B-A0E7-D0A19337F016}.Debug|x86.Build.0 = Debug|Any CPU
		{054CFC27-729D-447B-A0E7-D0A19337F016}.Release|Any CPU.ActiveCfg = Release|Any CPU
		{054CFC27-729D-447B-A0E7-D0A19337F016}.Release|Any CPU.Build.0 = Release|Any CPU
		{054CFC27-729D-447B-A0E7-D0A19337F016}.Release|x64.ActiveCfg = Release|Any CPU
		{054CFC27-729D-447B-A0E7-D0A19337F016}.Release|x64.Build.0 = Release|Any CPU
		{054CFC27-729D-447B-A0E7-D0A19337F016}.Release|x86.ActiveCfg = Release|Any CPU
		{054CFC27-729D-447B-A0E7-D0A19337F016}.Release|x86.Build.0 = Release|Any CPU
		{FB1A51D2-5FAA-4963-A6DE-32BAC410437C}.Debug|Any CPU.ActiveCfg = Debug|Any CPU
		{FB1A51D2-5FAA-4963-A6DE-32BAC410437C}.Debug|Any CPU.Build.0 = Debug|Any CPU
		{FB1A51D2-5FAA-4963-A6DE-32BAC410437C}.Debug|x64.ActiveCfg = Debug|Any CPU
		{FB1A51D2-5FAA-4963-A6DE-32BAC410437C}.Debug|x64.Build.0 = Debug|Any CPU
		{FB1A51D2-5FAA-4963-A6DE-32BAC410437C}.Debug|x86.ActiveCfg = Debug|Any CPU
		{FB1A51D2-5FAA-4963-A6DE-32BAC410437C}.Debug|x86.Build.0 = Debug|Any CPU
		{FB1A51D2-5FAA-4963-A6DE-32BAC410437C}.Release|Any CPU.ActiveCfg = Release|Any CPU
		{FB1A51D2-5FAA-4963-A6DE-32BAC410437C}.Release|Any CPU.Build.0 = Release|Any CPU
		{FB1A51D2-5FAA-4963-A6DE-32BAC410437C}.Release|x64.ActiveCfg = Release|Any CPU
		{FB1A51D2-5FAA-4963-A6DE-32BAC410437C}.Release|x64.Build.0 = Release|Any CPU
		{FB1A51D2-5FAA-4963-A6DE-32BAC410437C}.Release|x86.ActiveCfg = Release|Any CPU
		{FB1A51D2-5FAA-4963-A6DE-32BAC410437C}.Release|x86.Build.0 = Release|Any CPU
	EndGlobalSection
	GlobalSection(SolutionProperties) = preSolution
		HideSolutionNode = FALSE
	EndGlobalSection
	GlobalSection(ExtensibilityGlobals) = postSolution
		SolutionGuid = {1C9F5CBB-374F-4720-AC75-4D980420C700}
	EndGlobalSection
EndGlobal
